
Microsoft Visual Studio Solution File, Format Version 12.00
# Visual Studio 15
VisualStudioVersion = 15.0.27004.2009
MinimumVisualStudioVersion = 10.0.40219.1
Project("{FAE04EC0-301F-11D3-BF4B-00C04F79EFBC}") = "Y2K_IMZGenReloaded", "Y2K_IMZGenReloaded\Y2K_IMZGenReloaded.csproj", "{BB5ABA96-C247-427A-B450-E2E52C9F59CF}"
EndProject
Global
	GlobalSection(SolutionConfigurationPlatforms) = preSolution
		Debug|Any CPU = Debug|Any CPU
		Release|Any CPU = Release|Any CPU
	EndGlobalSection
	GlobalSection(ProjectConfigurationPlatforms) = postSolution
		{BB5ABA96-C247-427A-B450-E2E52C9F59CF}.Debug|Any CPU.ActiveCfg = Debug|Any CPU
		{BB5ABA96-C247-427A-B450-E2E52C9F59CF}.Debug|Any CPU.Build.0 = Debug|Any CPU
		{BB5ABA96-C247-427A-B450-E2E52C9F59CF}.Release|Any CPU.ActiveCfg = Release|Any CPU
		{BB5ABA96-C247-427A-B450-E2E52C9F59CF}.Release|Any CPU.Build.0 = Release|Any CPU
	EndGlobalSection
	GlobalSection(SolutionProperties) = preSolution
		HideSolutionNode = FALSE
	EndGlobalSection
	GlobalSection(ExtensibilityGlobals) = postSolution
		SolutionGuid = {42767338-49D5-4BC0-BFF0-91EE6510625E}
	EndGlobalSection
EndGlobal
